// !$*UTF8*$!
{
	archiveVersion = 1;
	classes = {
	};
	objectVersion = 55;
	objects = {

/* Begin PBXBuildFile section */
		E4CC4E1828AF70530031BFB9 /* AppDelegate.swift in Sources */ = {isa = PBXBuildFile; fileRef = E4CC4E1728AF70530031BFB9 /* AppDelegate.swift */; };
		E4CC4E1A28AF70530031BFB9 /* SceneDelegate.swift in Sources */ = {isa = PBXBuildFile; fileRef = E4CC4E1928AF70530031BFB9 /* SceneDelegate.swift */; };
		E4CC4E1C28AF70530031BFB9 /* ViewController.swift in Sources */ = {isa = PBXBuildFile; fileRef = E4CC4E1B28AF70530031BFB9 /* ViewController.swift */; };
		E4CC4E1F28AF70530031BFB9 /* Main.storyboard in Resources */ = {isa = PBXBuildFile; fileRef = E4CC4E1D28AF70530031BFB9 /* Main.storyboard */; };
		E4CC4E2128AF70550031BFB9 /* Assets.xcassets in Resources */ = {isa = PBXBuildFile; fileRef = E4CC4E2028AF70550031BFB9 /* Assets.xcassets */; };
		E4CC4E2428AF70550031BFB9 /* LaunchScreen.storyboard in Resources */ = {isa = PBXBuildFile; fileRef = E4CC4E2228AF70550031BFB9 /* LaunchScreen.storyboard */; };
		E4CC4E3028AF74680031BFB9 /* DiaryCell.swift in Sources */ = {isa = PBXBuildFile; fileRef = E4CC4E2F28AF74680031BFB9 /* DiaryCell.swift */; };
		E4CC4E3228AF74C60031BFB9 /* StartViewController.swift in Sources */ = {isa = PBXBuildFile; fileRef = E4CC4E3128AF74C60031BFB9 /* StartViewController.swift */; };
		E4CC4E3428AF76510031BFB9 /* StarCell.swift in Sources */ = {isa = PBXBuildFile; fileRef = E4CC4E3328AF76510031BFB9 /* StarCell.swift */; };
		E4CC4E3628AF79200031BFB9 /* WriteDiaryViewController.swift in Sources */ = {isa = PBXBuildFile; fileRef = E4CC4E3528AF79200031BFB9 /* WriteDiaryViewController.swift */; };
		E4CC4E3828B228A20031BFB9 /* DiaryDetailViewController.swift in Sources */ = {isa = PBXBuildFile; fileRef = E4CC4E3728B228A20031BFB9 /* DiaryDetailViewController.swift */; };
/* End PBXBuildFile section */

/* Begin PBXFileReference section */
		E4CC4E1428AF70530031BFB9 /* diary.app */ = {isa = PBXFileReference; explicitFileType = wrapper.application; includeInIndex = 0; path = diary.app; sourceTree = BUILT_PRODUCTS_DIR; };
		E4CC4E1728AF70530031BFB9 /* AppDelegate.swift */ = {isa = PBXFileReference; lastKnownFileType = sourcecode.swift; path = AppDelegate.swift; sourceTree = "<group>"; };
		E4CC4E1928AF70530031BFB9 /* SceneDelegate.swift */ = {isa = PBXFileReference; lastKnownFileType = sourcecode.swift; path = SceneDelegate.swift; sourceTree = "<group>"; };
		E4CC4E1B28AF70530031BFB9 /* ViewController.swift */ = {isa = PBXFileReference; lastKnownFileType = sourcecode.swift; path = ViewController.swift; sourceTree = "<group>"; };
		E4CC4E1E28AF70530031BFB9 /* Base */ = {isa = PBXFileReference; lastKnownFileType = file.storyboard; name = Base; path = Base.lproj/Main.storyboard; sourceTree = "<group>"; };
		E4CC4E2028AF70550031BFB9 /* Assets.xcassets */ = {isa = PBXFileReference; lastKnownFileType = folder.assetcatalog; path = Assets.xcassets; sourceTree = "<group>"; };
		E4CC4E2328AF70550031BFB9 /* Base */ = {isa = PBXFileReference; lastKnownFileType = file.storyboard; name = Base; path = Base.lproj/LaunchScreen.storyboard; sourceTree = "<group>"; };
		E4CC4E2528AF70550031BFB9 /* Info.plist */ = {isa = PBXFileReference; lastKnownFileType = text.plist.xml; path = Info.plist; sourceTree = "<group>"; };
		E4CC4E2F28AF74680031BFB9 /* DiaryCell.swift */ = {isa = PBXFileReference; lastKnownFileType = sourcecode.swift; path = DiaryCell.swift; sourceTree = "<group>"; };
		E4CC4E3128AF74C60031BFB9 /* StartViewController.swift */ = {isa = PBXFileReference; lastKnownFileType = sourcecode.swift; path = StartViewController.swift; sourceTree = "<group>"; };
		E4CC4E3328AF76510031BFB9 /* StarCell.swift */ = {isa = PBXFileReference; lastKnownFileType = sourcecode.swift; path = StarCell.swift; sourceTree = "<group>"; };
		E4CC4E3528AF79200031BFB9 /* WriteDiaryViewController.swift */ = {isa = PBXFileReference; lastKnownFileType = sourcecode.swift; path = WriteDiaryViewController.swift; sourceTree = "<group>"; };
		E4CC4E3728B228A20031BFB9 /* DiaryDetailViewController.swift */ = {isa = PBXFileReference; lastKnownFileType = sourcecode.swift; path = DiaryDetailViewController.swift; sourceTree = "<group>"; };
/* End PBXFileReference section */

/* Begin PBXFrameworksBuildPhase section */
		E4CC4E1128AF70530031BFB9 /* Frameworks */ = {
			isa = PBXFrameworksBuildPhase;
			buildActionMask = 2147483647;
			files = (
			);
			runOnlyForDeploymentPostprocessing = 0;
		};
/* End PBXFrameworksBuildPhase section */

/* Begin PBXGroup section */
		E4CC4E0B28AF70530031BFB9 = {
			isa = PBXGroup;
			children = (
				E4CC4E1628AF70530031BFB9 /* diary */,
				E4CC4E1528AF70530031BFB9 /* Products */,
			);
			sourceTree = "<group>";
		};
		E4CC4E1528AF70530031BFB9 /* Products */ = {
			isa = PBXGroup;
			children = (
				E4CC4E1428AF70530031BFB9 /* diary.app */,
			);
			name = Products;
			sourceTree = "<group>";
		};
		E4CC4E1628AF70530031BFB9 /* diary */ = {
			isa = PBXGroup;
			children = (
				E4CC4E1728AF70530031BFB9 /* AppDelegate.swift */,
				E4CC4E1928AF70530031BFB9 /* SceneDelegate.swift */,
				E4CC4E1B28AF70530031BFB9 /* ViewController.swift */,
				E4CC4E1D28AF70530031BFB9 /* Main.storyboard */,
				E4CC4E2028AF70550031BFB9 /* Assets.xcassets */,
				E4CC4E2228AF70550031BFB9 /* LaunchScreen.storyboard */,
				E4CC4E2528AF70550031BFB9 /* Info.plist */,
				E4CC4E2F28AF74680031BFB9 /* DiaryCell.swift */,
				E4CC4E3128AF74C60031BFB9 /* StartViewController.swift */,
				E4CC4E3328AF76510031BFB9 /* StarCell.swift */,
				E4CC4E3528AF79200031BFB9 /* WriteDiaryViewController.swift */,
				E4CC4E3728B228A20031BFB9 /* DiaryDetailViewController.swift */,
			);
			path = diary;
			sourceTree = "<group>";
		};
/* End PBXGroup section */

/* Begin PBXNativeTarget section */
		E4CC4E1328AF70530031BFB9 /* diary */ = {
			isa = PBXNativeTarget;
			buildConfigurationList = E4CC4E2828AF70550031BFB9 /* Build configuration list for PBXNativeTarget "diary" */;
			buildPhases = (
				E4CC4E1028AF70530031BFB9 /* Sources */,
				E4CC4E1128AF70530031BFB9 /* Frameworks */,
				E4CC4E1228AF70530031BFB9 /* Resources */,
			);
			buildRules = (
			);
			dependencies = (
			);
			name = diary;
			productName = diary;
			productReference = E4CC4E1428AF70530031BFB9 /* diary.app */;
			productType = "com.apple.product-type.application";
		};
/* End PBXNativeTarget section */

/* Begin PBXProject section */
		E4CC4E0C28AF70530031BFB9 /* Project object */ = {
			isa = PBXProject;
			attributes = {
				BuildIndependentTargetsInParallel = 1;
				LastSwiftUpdateCheck = 1340;
				LastUpgradeCheck = 1340;
				TargetAttributes = {
					E4CC4E1328AF70530031BFB9 = {
						CreatedOnToolsVersion = 13.4.1;
					};
				};
			};
			buildConfigurationList = E4CC4E0F28AF70530031BFB9 /* Build configuration list for PBXProject "diary" */;
			compatibilityVersion = "Xcode 13.0";
			developmentRegion = en;
			hasScannedForEncodings = 0;
			knownRegions = (
				en,
				Base,
			);
			mainGroup = E4CC4E0B28AF70530031BFB9;
			productRefGroup = E4CC4E1528AF70530031BFB9 /* Products */;
			projectDirPath = "";
			projectRoot = "";
			targets = (
				E4CC4E1328AF70530031BFB9 /* diary */,
			);
		};
/* End PBXProject section */

/* Begin PBXResourcesBuildPhase section */
		E4CC4E1228AF70530031BFB9 /* Resources */ = {
			isa = PBXResourcesBuildPhase;
			buildActionMask = 2147483647;
			files = (
				E4CC4E2428AF70550031BFB9 /* LaunchScreen.storyboard in Resources */,
				E4CC4E2128AF70550031BFB9 /* Assets.xcassets in Resources */,
				E4CC4E1F28AF70530031BFB9 /* Main.storyboard in Resources */,
			);
			runOnlyForDeploymentPostprocessing = 0;
		};
/* End PBXResourcesBuildPhase section */

/* Begin PBXSourcesBuildPhase section */
		E4CC4E1028AF70530031BFB9 /* Sources */ = {
			isa = PBXSourcesBuildPhase;
			buildActionMask = 2147483647;
			files = (
				E4CC4E3228AF74C60031BFB9 /* StartViewController.swift in Sources */,
				E4CC4E3628AF79200031BFB9 /* WriteDiaryViewController.swift in Sources */,
				E4CC4E3428AF76510031BFB9 /* StarCell.swift in Sources */,
				E4CC4E1C28AF70530031BFB9 /* ViewController.swift in Sources */,
				E4CC4E1828AF70530031BFB9 /* AppDelegate.swift in Sources */,
				E4CC4E3828B228A20031BFB9 /* DiaryDetailViewController.swift in Sources */,
				E4CC4E1A28AF70530031BFB9 /* SceneDelegate.swift in Sources */,
				E4CC4E3028AF74680031BFB9 /* DiaryCell.swift in Sources */,
			);
			runOnlyForDeploymentPostprocessing = 0;
		};
/* End PBXSourcesBuildPhase section */

/* Begin PBXVariantGroup section */
		E4CC4E1D28AF70530031BFB9 /* Main.storyboard */ = {
			isa = PBXVariantGroup;
			children = (
				E4CC4E1E28AF70530031BFB9 /* Base */,
			);
			name = Main.storyboard;
			sourceTree = "<group>";
		};
		E4CC4E2228AF70550031BFB9 /* LaunchScreen.storyboard */ = {
			isa = PBXVariantGroup;
			children = (
				E4CC4E2328AF70550031BFB9 /* Base */,
			);
			name = LaunchScreen.storyboard;
			sourceTree = "<group>";
		};
/* End PBXVariantGroup section */

/* Begin XCBuildConfiguration section */
		E4CC4E2628AF70550031BFB9 /* Debug */ = {
			isa = XCBuildConfiguration;
			buildSettings = {
				ALWAYS_SEARCH_USER_PATHS = NO;
				CLANG_ANALYZER_NONNULL = YES;
				CLANG_ANALYZER_NUMBER_OBJECT_CONVERSION = YES_AGGRESSIVE;
				CLANG_CXX_LANGUAGE_STANDARD = "gnu++17";
				CLANG_ENABLE_MODULES = YES;
				CLANG_ENABLE_OBJC_ARC = YES;
				CLANG_ENABLE_OBJC_WEAK = YES;
				CLANG_WARN_BLOCK_CAPTURE_AUTORELEASING = YES;
				CLANG_WARN_BOOL_CONVERSION = YES;
				CLANG_WARN_COMMA = YES;
				CLANG_WARN_CONSTANT_CONVERSION = YES;
				CLANG_WARN_DEPRECATED_OBJC_IMPLEMENTATIONS = YES;
				CLANG_WARN_DIRECT_OBJC_ISA_USAGE = YES_ERROR;
				CLANG_WARN_DOCUMENTATION_COMMENTS = YES;
				CLANG_WARN_EMPTY_BODY = YES;
				CLANG_WARN_ENUM_CONVERSION = YES;
				CLANG_WARN_INFINITE_RECURSION = YES;
				CLANG_WARN_INT_CONVERSION = YES;
				CLANG_WARN_NON_LITERAL_NULL_CONVERSION = YES;
				CLANG_WARN_OBJC_IMPLICIT_RETAIN_SELF = YES;
				CLANG_WARN_OBJC_LITERAL_CONVERSION = YES;
				CLANG_WARN_OBJC_ROOT_CLASS = YES_ERROR;
				CLANG_WARN_QUOTED_INCLUDE_IN_FRAMEWORK_HEADER = YES;
				CLANG_WARN_RANGE_LOOP_ANALYSIS = YES;
				CLANG_WARN_STRICT_PROTOTYPES = YES;
				CLANG_WARN_SUSPICIOUS_MOVE = YES;
				CLANG_WARN_UNGUARDED_AVAILABILITY = YES_AGGRESSIVE;
				CLANG_WARN_UNREACHABLE_CODE = YES;
				CLANG_WARN__DUPLICATE_METHOD_MATCH = YES;
				COPY_PHASE_STRIP = NO;
				DEBUG_INFORMATION_FORMAT = dwarf;
				ENABLE_STRICT_OBJC_MSGSEND = YES;
				ENABLE_TESTABILITY = YES;
				GCC_C_LANGUAGE_STANDARD = gnu11;
				GCC_DYNAMIC_NO_PIC = NO;
				GCC_NO_COMMON_BLOCKS = YES;
				GCC_OPTIMIZATION_LEVEL = 0;
				GCC_PREPROCESSOR_DEFINITIONS = (
					"DEBUG=1",
					"$(inherited)",
				);
				GCC_WARN_64_TO_32_BIT_CONVERSION = YES;
				GCC_WARN_ABOUT_RETURN_TYPE = YES_ERROR;
				GCC_WARN_UNDECLARED_SELECTOR = YES;
				GCC_WARN_UNINITIALIZED_AUTOS = YES_AGGRESSIVE;
				GCC_WARN_UNUSED_FUNCTION = YES;
				GCC_WARN_UNUSED_VARIABLE = YES;
				IPHONEOS_DEPLOYMENT_TARGET = 15.5;
				MTL_ENABLE_DEBUG_INFO = INCLUDE_SOURCE;
				MTL_FAST_MATH = YES;
				ONLY_ACTIVE_ARCH = YES;
				SDKROOT = iphoneos;
				SWIFT_ACTIVE_COMPILATION_CONDITIONS = DEBUG;
				SWIFT_OPTIMIZATION_LEVEL = "-Onone";
			};
			name = Debug;
		};
		E4CC4E2728AF70550031BFB9 /* Release */ = {
			isa = XCBuildConfiguration;
			buildSettings = {
				ALWAYS_SEARCH_USER_PATHS = NO;
				CLANG_ANALYZER_NONNULL = YES;
				CLANG_ANALYZER_NUMBER_OBJECT_CONVERSION = YES_AGGRESSIVE;
				CLANG_CXX_LANGUAGE_STANDARD = "gnu++17";
				CLANG_ENABLE_MODULES = YES;
				CLANG_ENABLE_OBJC_ARC = YES;
				CLANG_ENABLE_OBJC_WEAK = YES;
				CLANG_WARN_BLOCK_CAPTURE_AUTORELEASING = YES;
				CLANG_WARN_BOOL_CONVERSION = YES;
				CLANG_WARN_COMMA = YES;
				CLANG_WARN_CONSTANT_CONVERSION = YES;
				CLANG_WARN_DEPRECATED_OBJC_IMPLEMENTATIONS = YES;
				CLANG_WARN_DIRECT_OBJC_ISA_USAGE = YES_ERROR;
				CLANG_WARN_DOCUMENTATION_COMMENTS = YES;
				CLANG_WARN_EMPTY_BODY = YES;
				CLANG_WARN_ENUM_CONVERSION = YES;
				CLANG_WARN_INFINITE_RECURSION = YES;
				CLANG_WARN_INT_CONVERSION = YES;
				CLANG_WARN_NON_LITERAL_NULL_CONVERSION = YES;
				CLANG_WARN_OBJC_IMPLICIT_RETAIN_SELF = YES;
				CLANG_WARN_OBJC_LITERAL_CONVERSION = YES;
				CLANG_WARN_OBJC_ROOT_CLASS = YES_ERROR;
				CLANG_WARN_QUOTED_INCLUDE_IN_FRAMEWORK_HEADER = YES;
				CLANG_WARN_RANGE_LOOP_ANALYSIS = YES;
				CLANG_WARN_STRICT_PROTOTYPES = YES;
				CLANG_WARN_SUSPICIOUS_MOVE = YES;
				CLANG_WARN_UNGUARDED_AVAILABILITY = YES_AGGRESSIVE;
				CLANG_WARN_UNREACHABLE_CODE = YES;
				CLANG_WARN__DUPLICATE_METHOD_MATCH = YES;
				COPY_PHASE_STRIP = NO;
				DEBUG_INFORMATION_FORMAT = "dwarf-with-dsym";
				ENABLE_NS_ASSERTIONS = NO;
				ENABLE_STRICT_OBJC_MSGSEND = YES;
				GCC_C_LANGUAGE_STANDARD = gnu11;
				GCC_NO_COMMON_BLOCKS = YES;
				GCC_WARN_64_TO_32_BIT_CONVERSION = YES;
				GCC_WARN_ABOUT_RETURN_TYPE = YES_ERROR;
				GCC_WARN_UNDECLARED_SELECTOR = YES;
				GCC_WARN_UNINITIALIZED_AUTOS = YES_AGGRESSIVE;
				GCC_WARN_UNUSED_FUNCTION = YES;
				GCC_WARN_UNUSED_VARIABLE = YES;
				IPHONEOS_DEPLOYMENT_TARGET = 15.5;
				MTL_ENABLE_DEBUG_INFO = NO;
				MTL_FAST_MATH = YES;
				SDKROOT = iphoneos;
				SWIFT_COMPILATION_MODE = wholemodule;
				SWIFT_OPTIMIZATION_LEVEL = "-O";
				VALIDATE_PRODUCT = YES;
			};
			name = Release;
		};
		E4CC4E2928AF70550031BFB9 /* Debug */ = {
			isa = XCBuildConfiguration;
			buildSettings = {
				ASSETCATALOG_COMPILER_APPICON_NAME = AppIcon;
				ASSETCATALOG_COMPILER_GLOBAL_ACCENT_COLOR_NAME = AccentColor;
				CODE_SIGN_STYLE = Automatic;
				CURRENT_PROJECT_VERSION = 1;
				DEVELOPMENT_TEAM = WMUPMDY6JT;
				GENERATE_INFOPLIST_FILE = YES;
				INFOPLIST_FILE = diary/Info.plist;
				INFOPLIST_KEY_UIApplicationSupportsIndirectInputEvents = YES;
				INFOPLIST_KEY_UILaunchStoryboardName = LaunchScreen;
				INFOPLIST_KEY_UIMainStoryboardFile = Main;
				INFOPLIST_KEY_UISupportedInterfaceOrientations_iPad = "UIInterfaceOrientationPortrait UIInterfaceOrientationPortraitUpsideDown UIInterfaceOrientationLandscapeLeft UIInterfaceOrientationLandscapeRight";
				INFOPLIST_KEY_UISupportedInterfaceOrientations_iPhone = "UIInterfaceOrientationPortrait UIInterfaceOrientationLandscapeLeft UIInterfaceOrientationLandscapeRight";
				LD_RUNPATH_SEARCH_PATHS = (
					"$(inherited)",
					"@executable_path/Frameworks",
				);
				MARKETING_VERSION = 1.0;
				PRODUCT_BUNDLE_IDENTIFIER = net.seonyoungan.diary;
				PRODUCT_NAME = "$(TARGET_NAME)";
				SWIFT_EMIT_LOC_STRINGS = YES;
				SWIFT_VERSION = 5.0;
				TARGETED_DEVICE_FAMILY = "1,2";
			};
			name = Debug;
		};
		E4CC4E2A28AF70550031BFB9 /* Release */ = {
			isa = XCBuildConfiguration;
			buildSettings = {
				ASSETCATALOG_COMPILER_APPICON_NAME = AppIcon;
				ASSETCATALOG_COMPILER_GLOBAL_ACCENT_COLOR_NAME = AccentColor;
				CODE_SIGN_STYLE = Automatic;
				CURRENT_PROJECT_VERSION = 1;
				DEVELOPMENT_TEAM = WMUPMDY6JT;
				GENERATE_INFOPLIST_FILE = YES;
				INFOPLIST_FILE = diary/Info.plist;
				INFOPLIST_KEY_UIApplicationSupportsIndirectInputEvents = YES;
				INFOPLIST_KEY_UILaunchStoryboardName = LaunchScreen;
				INFOPLIST_KEY_UIMainStoryboardFile = Main;
				INFOPLIST_KEY_UISupportedInterfaceOrientations_iPad = "UIInterfaceOrientationPortrait UIInterfaceOrientationPortraitUpsideDown UIInterfaceOrientationLandscapeLeft UIInterfaceOrientationLandscapeRight";
				INFOPLIST_KEY_UISupportedInterfaceOrientations_iPhone = "UIInterfaceOrientationPortrait UIInterfaceOrientationLandscapeLeft UIInterfaceOrientationLandscapeRight";
				LD_RUNPATH_SEARCH_PATHS = (
					"$(inherited)",
					"@executable_path/Frameworks",
				);
				MARKETING_VERSION = 1.0;
				PRODUCT_BUNDLE_IDENTIFIER = net.seonyoungan.diary;
				PRODUCT_NAME = "$(TARGET_NAME)";
				SWIFT_EMIT_LOC_STRINGS = YES;
				SWIFT_VERSION = 5.0;
				TARGETED_DEVICE_FAMILY = "1,2";
			};
			name = Release;
		};
/* End XCBuildConfiguration section */

/* Begin XCConfigurationList section */
		E4CC4E0F28AF70530031BFB9 /* Build configuration list for PBXProject "diary" */ = {
			isa = XCConfigurationList;
			buildConfigurations = (
				E4CC4E2628AF70550031BFB9 /* Debug */,
				E4CC4E2728AF70550031BFB9 /* Release */,
			);
			defaultConfigurationIsVisible = 0;
			defaultConfigurationName = Release;
		};
		E4CC4E2828AF70550031BFB9 /* Build configuration list for PBXNativeTarget "diary" */ = {
			isa = XCConfigurationList;
			buildConfigurations = (
				E4CC4E2928AF70550031BFB9 /* Debug */,
				E4CC4E2A28AF70550031BFB9 /* Release */,
			);
			defaultConfigurationIsVisible = 0;
			defaultConfigurationName = Release;
		};
/* End XCConfigurationList section */
	};
	rootObject = E4CC4E0C28AF70530031BFB9 /* Project object */;
}
